
Microsoft Visual Studio Solution File, Format Version 12.00
# Visual Studio Version 17
VisualStudioVersion = 17.3.32922.545
MinimumVisualStudioVersion = 10.0.40219.1
Project("{FAE04EC0-301F-11D3-BF4B-00C04F79EFBC}") = "Polynom_lab1", "Polynom_lab1\Polynom_lab1.csproj", "{7E7A65AC-16ED-422D-8942-04268AD1F762}"
EndProject
Project("{FAE04EC0-301F-11D3-BF4B-00C04F79EFBC}") = "PolynomeTests", "PolynomeTests\PolynomeTests.csproj", "{04F6DA45-2636-4EF6-91C0-FFABB9735048}"
EndProject
Global
	GlobalSection(SolutionConfigurationPlatforms) = preSolution
		Debug|Any CPU = Debug|Any CPU
		Release|Any CPU = Release|Any CPU
	EndGlobalSection
	GlobalSection(ProjectConfigurationPlatforms) = postSolution
		{7E7A65AC-16ED-422D-8942-04268AD1F762}.Debug|Any CPU.ActiveCfg = Debug|Any CPU
		{7E7A65AC-16ED-422D-8942-04268AD1F762}.Debug|Any CPU.Build.0 = Debug|Any CPU
		{7E7A65AC-16ED-422D-8942-04268AD1F762}.Release|Any CPU.ActiveCfg = Release|Any CPU
		{7E7A65AC-16ED-422D-8942-04268AD1F762}.Release|Any CPU.Build.0 = Release|Any CPU
		{04F6DA45-2636-4EF6-91C0-FFABB9735048}.Debug|Any CPU.ActiveCfg = Debug|Any CPU
		{04F6DA45-2636-4EF6-91C0-FFABB9735048}.Debug|Any CPU.Build.0 = Debug|Any CPU
		{04F6DA45-2636-4EF6-91C0-FFABB9735048}.Release|Any CPU.ActiveCfg = Release|Any CPU
		{04F6DA45-2636-4EF6-91C0-FFABB9735048}.Release|Any CPU.Build.0 = Release|Any CPU
	EndGlobalSection
	GlobalSection(SolutionProperties) = preSolution
		HideSolutionNode = FALSE
	EndGlobalSection
	GlobalSection(ExtensibilityGlobals) = postSolution
		SolutionGuid = {335E6245-04BD-40C4-B281-89DC90890AB6}
	EndGlobalSection
EndGlobal
